<?xml version="1.0" encoding="utf-8"?>
<Project ToolsVersion="4.0" xmlns="http://schemas.microsoft.com/developer/msbuild/2003">
  <ItemGroup>
    <Filter Include="소스 파일">
      <UniqueIdentifier>{4FC737F1-C7A5-4376-A066-2A32D752A2FF}</UniqueIdentifier>
      <Extensions>cpp;c;cc;cxx;c++;cppm;ixx;def;odl;idl;hpj;bat;asm;asmx</Extensions>
    </Filter>
    <Filter Include="헤더 파일">
      <UniqueIdentifier>{93995380-89BD-4b04-88EB-625FBE52EBFB}</UniqueIdentifier>
      <Extensions>h;hh;hpp;hxx;h++;hm;inl;inc;ipp;xsd</Extensions>
    </Filter>
    <Filter Include="리소스 파일">
      <UniqueIdentifier>{67DA6AB6-F800-4c08-8B7A-83BB121AAD01}</UniqueIdentifier>
      <Extensions>rc;ico;cur;bmp;dlg;rc2;rct;bin;rgs;gif;jpg;jpeg;jpe;resx;tiff;tif;png;wav;mfcribbon-ms</Extensions>
    </Filter>
    <Filter Include="01. ClientManager">
      <UniqueIdentifier>{efa900c7-7066-4811-9e9e-6a0628357f58}</UniqueIdentifier>
    </Filter>
    <Filter Include="02. Scene">
      <UniqueIdentifier>{eae44e55-9afc-46b7-af2d-bc964f629f7b}</UniqueIdentifier>
    </Filter>
    <Filter Include="03. GameObject">
      <UniqueIdentifier>{adcf7d2e-1583-4598-9f93-dbcc233b64eb}</UniqueIdentifier>
    </Filter>
    <Filter Include="04. Setting">
      <UniqueIdentifier>{38f7ee28-a3c6-4260-8c3f-2a12c98e802d}</UniqueIdentifier>
    </Filter>
    <Filter Include="05. UI">
      <UniqueIdentifier>{dff1e396-195f-4ef6-aee7-23a516198a9d}</UniqueIdentifier>
    </Filter>
  </ItemGroup>
  <ItemGroup>
    <ClInclude Include="resource.h">
      <Filter>헤더 파일</Filter>
    </ClInclude>
    <ClInclude Include="Client.h">
      <Filter>헤더 파일</Filter>
    </ClInclude>
    <ClInclude Include="ClientManager.h">
      <Filter>01. ClientManager</Filter>
    </ClInclude>
    <ClInclude Include="GameObject\Player2D.h">
      <Filter>03. GameObject</Filter>
    </ClInclude>
    <ClInclude Include="Scene\MainSceneInfo.h">
      <Filter>02. Scene</Filter>
    </ClInclude>
    <ClInclude Include="GameObject\MyBullet.h">
      <Filter>03. GameObject</Filter>
    </ClInclude>
    <ClInclude Include="GameObject\Monster.h">
      <Filter>03. GameObject</Filter>
    </ClInclude>
    <ClInclude Include="Setting\DefaultSetting.h">
      <Filter>04. Setting</Filter>
    </ClInclude>
    <ClInclude Include="Setting\EngineShareSetting.h">
      <Filter>04. Setting</Filter>
    </ClInclude>
    <ClInclude Include="UI\StartSceneUI.h">
      <Filter>05. UI</Filter>
    </ClInclude>
    <ClInclude Include="Scene\LoadingSceneInfo.h">
      <Filter>02. Scene</Filter>
    </ClInclude>
    <ClInclude Include="UI\LoadingUI.h">
      <Filter>05. UI</Filter>
    </ClInclude>
    <ClInclude Include="UI\MainTitleUI.h">
      <Filter>05. UI</Filter>
    </ClInclude>
    <ClInclude Include="UI\MyLoadingUI.h">
      <Filter>05. UI</Filter>
    </ClInclude>
    <ClInclude Include="GameObject\Door.h">
      <Filter>03. GameObject</Filter>
    </ClInclude>
    <ClInclude Include="GameObject\Brum.h">
      <Filter>03. GameObject</Filter>
    </ClInclude>
    <ClInclude Include="GameObject\ElderBugNPC.h">
      <Filter>03. GameObject</Filter>
    </ClInclude>
    <ClInclude Include="GameObject\Hornet.h">
      <Filter>03. GameObject</Filter>
    </ClInclude>
    <ClInclude Include="GameObject\Sly.h">
      <Filter>03. GameObject</Filter>
    </ClInclude>
    <ClInclude Include="GameObject\GlobalWall.h">
      <Filter>03. GameObject</Filter>
    </ClInclude>
    <ClInclude Include="UI\PlayerHUD.h">
      <Filter>05. UI</Filter>
    </ClInclude>
    <ClInclude Include="GameObject\Zombie.h">
      <Filter>03. GameObject</Filter>
    </ClInclude>
    <ClInclude Include="GameObject\Zombie2.h">
      <Filter>03. GameObject</Filter>
    </ClInclude>
    <ClInclude Include="GameObject\Effect.h">
      <Filter>03. GameObject</Filter>
    </ClInclude>
    <ClInclude Include="GameObject\PlayerAttack.h">
      <Filter>03. GameObject</Filter>
    </ClInclude>
    <ClInclude Include="GameObject\Gio.h">
      <Filter>03. GameObject</Filter>
    </ClInclude>
    <ClInclude Include="GameObject\MonGenerator.h">
      <Filter>03. GameObject</Filter>
    </ClInclude>
    <ClInclude Include="GameObject\BackLayerObject.h">
      <Filter>03. GameObject</Filter>
    </ClInclude>
    <ClInclude Include="UI\MessageBoxUI.h">
      <Filter>05. UI</Filter>
    </ClInclude>
  </ItemGroup>
  <ItemGroup>
    <ResourceCompile Include="MyClient2D.rc">
      <Filter>리소스 파일</Filter>
    </ResourceCompile>
  </ItemGroup>
  <ItemGroup>
    <Image Include="icon1.ico">
      <Filter>리소스 파일</Filter>
    </Image>
    <Image Include="..\Bin\Texture\HollowKnight\MainTitle\hollow_knight_0_6.ico">
      <Filter>리소스 파일</Filter>
    </Image>
    <Image Include="..\Bin\Texture\HollowKnight\MainTitle\hollow_knight_0_8.ico">
      <Filter>리소스 파일</Filter>
    </Image>
  </ItemGroup>
  <ItemGroup>
    <ClCompile Include="main.cpp">
      <Filter>소스 파일</Filter>
    </ClCompile>
    <ClCompile Include="ClientManager.cpp">
      <Filter>01. ClientManager</Filter>
    </ClCompile>
    <ClCompile Include="GameObject\Player2D.cpp">
      <Filter>03. GameObject</Filter>
    </ClCompile>
    <ClCompile Include="Scene\MainSceneInfo.cpp">
      <Filter>02. Scene</Filter>
    </ClCompile>
    <ClCompile Include="GameObject\MyBullet.cpp">
      <Filter>03. GameObject</Filter>
    </ClCompile>
    <ClCompile Include="GameObject\Monster.cpp">
      <Filter>03. GameObject</Filter>
    </ClCompile>
    <ClCompile Include="Setting\DefaultSetting.cpp">
      <Filter>04. Setting</Filter>
    </ClCompile>
    <ClCompile Include="Setting\EngineShareSetting.cpp">
      <Filter>04. Setting</Filter>
    </ClCompile>
    <ClCompile Include="UI\StartSceneUI.cpp">
      <Filter>05. UI</Filter>
    </ClCompile>
    <ClCompile Include="Scene\LoadingSceneInfo.cpp">
      <Filter>02. Scene</Filter>
    </ClCompile>
    <ClCompile Include="UI\LoadingUI.cpp">
      <Filter>05. UI</Filter>
    </ClCompile>
    <ClCompile Include="UI\MainTitleUI.cpp">
      <Filter>05. UI</Filter>
    </ClCompile>
    <ClCompile Include="UI\MyLoadingUI.cpp">
      <Filter>05. UI</Filter>
    </ClCompile>
    <ClCompile Include="GameObject\Door.cpp">
      <Filter>03. GameObject</Filter>
    </ClCompile>
    <ClCompile Include="GameObject\Brum.cpp">
      <Filter>03. GameObject</Filter>
    </ClCompile>
    <ClCompile Include="GameObject\ElderBugNPC.cpp">
      <Filter>03. GameObject</Filter>
    </ClCompile>
    <ClCompile Include="GameObject\Hornet.cpp">
      <Filter>03. GameObject</Filter>
    </ClCompile>
    <ClCompile Include="GameObject\Sly.cpp">
      <Filter>03. GameObject</Filter>
    </ClCompile>
    <ClCompile Include="GameObject\GlobalWall.cpp">
      <Filter>03. GameObject</Filter>
    </ClCompile>
    <ClCompile Include="UI\PlayerHUD.cpp">
      <Filter>05. UI</Filter>
    </ClCompile>
    <ClCompile Include="GameObject\Zombie.cpp">
      <Filter>03. GameObject</Filter>
    </ClCompile>
    <ClCompile Include="GameObject\Zombie2.cpp">
      <Filter>03. GameObject</Filter>
    </ClCompile>
    <ClCompile Include="GameObject\Effect.cpp">
      <Filter>03. GameObject</Filter>
    </ClCompile>
    <ClCompile Include="GameObject\PlayerAttack.cpp">
      <Filter>03. GameObject</Filter>
    </ClCompile>
    <ClCompile Include="GameObject\Gio.cpp">
      <Filter>03. GameObject</Filter>
    </ClCompile>
    <ClCompile Include="GameObject\MonGenerator.cpp">
      <Filter>03. GameObject</Filter>
    </ClCompile>
    <ClCompile Include="GameObject\BackLayerObject.cpp">
      <Filter>03. GameObject</Filter>
    </ClCompile>
    <ClCompile Include="UI\MessageBoxUI.cpp">
      <Filter>05. UI</Filter>
    </ClCompile>
  </ItemGroup>
  <ItemGroup>
    <None Include="..\Bin\Texture\cursor.cur">
      <Filter>리소스 파일</Filter>
    </None>
  </ItemGroup>
</Project>