<?xml version="1.0" encoding="utf-8"?>
<Project ToolsVersion="4.0" xmlns="http://schemas.microsoft.com/developer/msbuild/2003">
  <ItemGroup>
    <Filter Include="소스 파일">
      <UniqueIdentifier>{4FC737F1-C7A5-4376-A066-2A32D752A2FF}</UniqueIdentifier>
      <Extensions>cpp;c;cc;cxx;c++;cppm;ixx;def;odl;idl;hpj;bat;asm;asmx</Extensions>
    </Filter>
    <Filter Include="헤더 파일">
      <UniqueIdentifier>{93995380-89BD-4b04-88EB-625FBE52EBFB}</UniqueIdentifier>
      <Extensions>h;hh;hpp;hxx;h++;hm;inl;inc;ipp;xsd</Extensions>
    </Filter>
    <Filter Include="리소스 파일">
      <UniqueIdentifier>{67DA6AB6-F800-4c08-8B7A-83BB121AAD01}</UniqueIdentifier>
      <Extensions>rc;ico;cur;bmp;dlg;rc2;rct;bin;rgs;gif;jpg;jpeg;jpe;resx;tiff;tif;png;wav;mfcribbon-ms</Extensions>
    </Filter>
    <Filter Include="01. Manager">
      <UniqueIdentifier>{99d0c2df-8e24-478e-a275-cb2313d7e269}</UniqueIdentifier>
    </Filter>
    <Filter Include="02. Scene">
      <UniqueIdentifier>{8dc9b61c-4a9e-477c-81b8-f428e907fc16}</UniqueIdentifier>
    </Filter>
    <Filter Include="03. Window">
      <UniqueIdentifier>{7042553d-0249-4df8-bab2-04e8636ad694}</UniqueIdentifier>
    </Filter>
    <Filter Include="04. GameObject">
      <UniqueIdentifier>{5b1bf3ed-04be-4f9c-8a2e-2316711cb742}</UniqueIdentifier>
    </Filter>
    <Filter Include="05. UI">
      <UniqueIdentifier>{e3e46541-3465-4a89-991e-c3cfc624509d}</UniqueIdentifier>
    </Filter>
    <Filter Include="06. Setting">
      <UniqueIdentifier>{af058d0e-e286-409b-8be5-de59fef5fd5f}</UniqueIdentifier>
    </Filter>
    <Filter Include="03. Window\01. DetailWindow">
      <UniqueIdentifier>{26cad731-a3dd-433c-b3b7-e8010e2ce757}</UniqueIdentifier>
    </Filter>
    <Filter Include="03. Window\01. DetailWindow\01. Collider2D">
      <UniqueIdentifier>{878d52c5-ac69-494d-a2aa-6ebdc76ee8b4}</UniqueIdentifier>
    </Filter>
    <Filter Include="04. GameObject\02. NPCS">
      <UniqueIdentifier>{ffed47a6-6c3e-4485-82c9-c422a30f1e61}</UniqueIdentifier>
    </Filter>
    <Filter Include="04. GameObject\01. Monster">
      <UniqueIdentifier>{e8b5a650-ec47-4723-b46f-bbee4fc02a4e}</UniqueIdentifier>
    </Filter>
    <Filter Include="04. GameObject\03.Boss">
      <UniqueIdentifier>{f13aec18-92f0-4a94-ae93-3f8fc1fbd50a}</UniqueIdentifier>
    </Filter>
    <Filter Include="04. GameObject\03.Boss\01.Bullets">
      <UniqueIdentifier>{82689859-bae8-4a33-826a-d1e16872b69e}</UniqueIdentifier>
    </Filter>
  </ItemGroup>
  <ItemGroup>
    <ClCompile Include="main.cpp">
      <Filter>소스 파일</Filter>
    </ClCompile>
    <ClCompile Include="EditorManager.cpp">
      <Filter>01. Manager</Filter>
    </ClCompile>
    <ClCompile Include="Scene\EditorDefaultScene.cpp">
      <Filter>02. Scene</Filter>
    </ClCompile>
    <ClCompile Include="Window\TestWindow.cpp">
      <Filter>03. Window</Filter>
    </ClCompile>
    <ClCompile Include="GameObject\Monster.cpp">
      <Filter>04. GameObject</Filter>
    </ClCompile>
    <ClCompile Include="GameObject\MyBullet.cpp">
      <Filter>04. GameObject</Filter>
    </ClCompile>
    <ClCompile Include="GameObject\Player2D.cpp">
      <Filter>04. GameObject</Filter>
    </ClCompile>
    <ClCompile Include="Window\ClassWindow.cpp">
      <Filter>03. Window</Filter>
    </ClCompile>
    <ClCompile Include="Window\ObjectWindow.cpp">
      <Filter>03. Window</Filter>
    </ClCompile>
    <ClCompile Include="Window\ComponentWindow.cpp">
      <Filter>03. Window</Filter>
    </ClCompile>
    <ClCompile Include="Window\TransformWindow.cpp">
      <Filter>03. Window</Filter>
    </ClCompile>
    <ClCompile Include="Window\SceneWindow.cpp">
      <Filter>03. Window</Filter>
    </ClCompile>
    <ClCompile Include="Window\MyImageWindow.cpp">
      <Filter>03. Window</Filter>
    </ClCompile>
    <ClCompile Include="Window\DetailWindow.cpp">
      <Filter>03. Window</Filter>
    </ClCompile>
    <ClCompile Include="Window\MyAnimationWindow.cpp">
      <Filter>03. Window</Filter>
    </ClCompile>
    <ClCompile Include="Window\NMyAnimationWindow2.cpp">
      <Filter>03. Window</Filter>
    </ClCompile>
    <ClCompile Include="UI\StartSceneUI.cpp">
      <Filter>05. UI</Filter>
    </ClCompile>
    <ClCompile Include="Setting\EngineShareSetting.cpp">
      <Filter>06. Setting</Filter>
    </ClCompile>
    <ClCompile Include="Setting\DefaultSetting.cpp">
      <Filter>06. Setting</Filter>
    </ClCompile>
    <ClCompile Include="Scene\EditorTestScene.cpp">
      <Filter>02. Scene</Filter>
    </ClCompile>
    <ClCompile Include="Window\DetailWindow\ComponentWidgetList.cpp">
      <Filter>03. Window\01. DetailWindow</Filter>
    </ClCompile>
    <ClCompile Include="Window\DetailWindow\TargetArmWidgetList.cpp">
      <Filter>03. Window\01. DetailWindow</Filter>
    </ClCompile>
    <ClCompile Include="Window\DetailWindow\SpriteComponentWidgetList.cpp">
      <Filter>03. Window\01. DetailWindow</Filter>
    </ClCompile>
    <ClCompile Include="Window\DetailWindow\SceneComponentWidgetList.cpp">
      <Filter>03. Window\01. DetailWindow</Filter>
    </ClCompile>
    <ClCompile Include="Window\DetailWindow\PrimitiveWidgetList.cpp">
      <Filter>03. Window\01. DetailWindow</Filter>
    </ClCompile>
    <ClCompile Include="Window\DetailWindow\CameraWidgetList.cpp">
      <Filter>03. Window\01. DetailWindow</Filter>
    </ClCompile>
    <ClCompile Include="UI\LoadingUI.cpp">
      <Filter>05. UI</Filter>
    </ClCompile>
    <ClCompile Include="Scene\LoadingSceneInfo.cpp">
      <Filter>02. Scene</Filter>
    </ClCompile>
    <ClCompile Include="Window\DetailWindow\ColliderWidgetList.cpp">
      <Filter>03. Window\01. DetailWindow\01. Collider2D</Filter>
    </ClCompile>
    <ClCompile Include="Window\DetailWindow\ColliderOBB2DWidgetList.cpp">
      <Filter>03. Window\01. DetailWindow\01. Collider2D</Filter>
    </ClCompile>
    <ClCompile Include="Window\DetailWindow\ColliderBox2DWidgetList.cpp">
      <Filter>03. Window\01. DetailWindow\01. Collider2D</Filter>
    </ClCompile>
    <ClCompile Include="Window\DetailWindow\ColliderSphereWidgetList.cpp">
      <Filter>03. Window\01. DetailWindow\01. Collider2D</Filter>
    </ClCompile>
    <ClCompile Include="Window\DetailWindow\ColliderPixelWidgetList.cpp">
      <Filter>03. Window\01. DetailWindow\01. Collider2D</Filter>
    </ClCompile>
    <ClCompile Include="Window\MySequenceWindow.cpp">
      <Filter>03. Window</Filter>
    </ClCompile>
    <ClCompile Include="Window\DetailWindow\TileMapWidgetList.cpp">
      <Filter>03. Window\01. DetailWindow</Filter>
    </ClCompile>
    <ClCompile Include="UI\MainTitleUI.cpp">
      <Filter>05. UI</Filter>
    </ClCompile>
    <ClCompile Include="UI\MyLoadingUI.cpp">
      <Filter>05. UI</Filter>
    </ClCompile>
    <ClCompile Include="GameObject\Door.cpp">
      <Filter>04. GameObject</Filter>
    </ClCompile>
    <ClCompile Include="GameObject\ElderBugNPC.cpp">
      <Filter>04. GameObject\02. NPCS</Filter>
    </ClCompile>
    <ClCompile Include="GameObject\Brum.cpp">
      <Filter>04. GameObject\02. NPCS</Filter>
    </ClCompile>
    <ClCompile Include="GameObject\Hornet.cpp">
      <Filter>04. GameObject\02. NPCS</Filter>
    </ClCompile>
    <ClCompile Include="GameObject\Sly.cpp">
      <Filter>04. GameObject\02. NPCS</Filter>
    </ClCompile>
    <ClCompile Include="GameObject\GlobalWall.cpp">
      <Filter>04. GameObject</Filter>
    </ClCompile>
    <ClCompile Include="UI\PlayerHUD.cpp">
      <Filter>05. UI</Filter>
    </ClCompile>
    <ClCompile Include="GameObject\Zombie.cpp">
      <Filter>04. GameObject\01. Monster</Filter>
    </ClCompile>
    <ClCompile Include="GameObject\Zombie2.cpp">
      <Filter>04. GameObject\01. Monster</Filter>
    </ClCompile>
    <ClCompile Include="GameObject\Effect.cpp">
      <Filter>04. GameObject</Filter>
    </ClCompile>
    <ClCompile Include="GameObject\PlayerAttack.cpp">
      <Filter>04. GameObject</Filter>
    </ClCompile>
    <ClCompile Include="GameObject\Gio.cpp">
      <Filter>04. GameObject</Filter>
    </ClCompile>
    <ClCompile Include="GameObject\MonGenerator.cpp">
      <Filter>04. GameObject</Filter>
    </ClCompile>
    <ClCompile Include="GameObject\BackLayerObject.cpp">
      <Filter>04. GameObject</Filter>
    </ClCompile>
    <ClCompile Include="UI\MessageBoxUI.cpp">
      <Filter>05. UI</Filter>
    </ClCompile>
    <ClCompile Include="UI\ShopUI.cpp">
      <Filter>05. UI</Filter>
    </ClCompile>
    <ClCompile Include="GameObject\ClowdObject.cpp">
      <Filter>04. GameObject</Filter>
    </ClCompile>
    <ClCompile Include="GameObject\BossEventObject.cpp">
      <Filter>04. GameObject</Filter>
    </ClCompile>
    <ClCompile Include="UI\NightMareKingUI.cpp">
      <Filter>05. UI</Filter>
    </ClCompile>
    <ClCompile Include="GameObject\FlameParticle.cpp">
      <Filter>04. GameObject\03.Boss\01.Bullets</Filter>
    </ClCompile>
    <ClCompile Include="GameObject\NightMareKingGrimm.cpp">
      <Filter>04. GameObject\03.Boss</Filter>
    </ClCompile>
    <ClCompile Include="GameObject\FireBatBullet.cpp">
      <Filter>04. GameObject\03.Boss\01.Bullets</Filter>
    </ClCompile>
    <ClCompile Include="GameObject\FlameFall.cpp">
      <Filter>04. GameObject\03.Boss\01.Bullets</Filter>
    </ClCompile>
    <ClCompile Include="GameObject\FirePillarBullet.cpp">
      <Filter>04. GameObject\03.Boss\01.Bullets</Filter>
    </ClCompile>
    <ClCompile Include="GameObject\GrimmSpike.cpp">
      <Filter>04. GameObject\03.Boss\01.Bullets</Filter>
    </ClCompile>
  </ItemGroup>
  <ItemGroup>
    <ClInclude Include="resource.h">
      <Filter>헤더 파일</Filter>
    </ClInclude>
    <ClInclude Include="EditorManager.h">
      <Filter>01. Manager</Filter>
    </ClInclude>
    <ClInclude Include="Scene\EditorDefaultScene.h">
      <Filter>02. Scene</Filter>
    </ClInclude>
    <ClInclude Include="Window\TestWindow.h">
      <Filter>03. Window</Filter>
    </ClInclude>
    <ClInclude Include="GameObject\Monster.h">
      <Filter>04. GameObject</Filter>
    </ClInclude>
    <ClInclude Include="GameObject\MyBullet.h">
      <Filter>04. GameObject</Filter>
    </ClInclude>
    <ClInclude Include="GameObject\Player2D.h">
      <Filter>04. GameObject</Filter>
    </ClInclude>
    <ClInclude Include="Window\ClassWindow.h">
      <Filter>03. Window</Filter>
    </ClInclude>
    <ClInclude Include="Window\ObjectWindow.h">
      <Filter>03. Window</Filter>
    </ClInclude>
    <ClInclude Include="Window\ComponentWindow.h">
      <Filter>03. Window</Filter>
    </ClInclude>
    <ClInclude Include="Window\TransformWindow.h">
      <Filter>03. Window</Filter>
    </ClInclude>
    <ClInclude Include="Window\SceneWindow.h">
      <Filter>03. Window</Filter>
    </ClInclude>
    <ClInclude Include="Window\MyImageWindow.h">
      <Filter>03. Window</Filter>
    </ClInclude>
    <ClInclude Include="Window\DetailWindow.h">
      <Filter>03. Window</Filter>
    </ClInclude>
    <ClInclude Include="Window\MyAnimationWindow.h">
      <Filter>03. Window</Filter>
    </ClInclude>
    <ClInclude Include="Window\NMyAnimationWindow2.h">
      <Filter>03. Window</Filter>
    </ClInclude>
    <ClInclude Include="UI\StartSceneUI.h">
      <Filter>05. UI</Filter>
    </ClInclude>
    <ClInclude Include="Setting\EngineShareSetting.h">
      <Filter>06. Setting</Filter>
    </ClInclude>
    <ClInclude Include="Setting\DefaultSetting.h">
      <Filter>06. Setting</Filter>
    </ClInclude>
    <ClInclude Include="Scene\EditorTestScene.h">
      <Filter>02. Scene</Filter>
    </ClInclude>
    <ClInclude Include="Window\DetailWindow\ComponentWidgetList.h">
      <Filter>03. Window\01. DetailWindow</Filter>
    </ClInclude>
    <ClInclude Include="Window\DetailWindow\PrimitiveWidgetList.h">
      <Filter>03. Window\01. DetailWindow</Filter>
    </ClInclude>
    <ClInclude Include="Window\DetailWindow\SceneComponentWidgetList.h">
      <Filter>03. Window\01. DetailWindow</Filter>
    </ClInclude>
    <ClInclude Include="Window\DetailWindow\SpriteComponentWidgetList.h">
      <Filter>03. Window\01. DetailWindow</Filter>
    </ClInclude>
    <ClInclude Include="Window\DetailWindow\TargetArmWidgetList.h">
      <Filter>03. Window\01. DetailWindow</Filter>
    </ClInclude>
    <ClInclude Include="Window\DetailWindow\CameraWidgetList.h">
      <Filter>03. Window\01. DetailWindow</Filter>
    </ClInclude>
    <ClInclude Include="UI\LoadingUI.h">
      <Filter>05. UI</Filter>
    </ClInclude>
    <ClInclude Include="Scene\LoadingSceneInfo.h">
      <Filter>02. Scene</Filter>
    </ClInclude>
    <ClInclude Include="Window\DetailWindow\ColliderWidgetList.h">
      <Filter>03. Window\01. DetailWindow\01. Collider2D</Filter>
    </ClInclude>
    <ClInclude Include="Window\DetailWindow\ColliderOBB2DWidgetList.h">
      <Filter>03. Window\01. DetailWindow\01. Collider2D</Filter>
    </ClInclude>
    <ClInclude Include="Window\DetailWindow\ColliderBox2DWidgetList.h">
      <Filter>03. Window\01. DetailWindow\01. Collider2D</Filter>
    </ClInclude>
    <ClInclude Include="Window\DetailWindow\ColliderSphereWidgetList.h">
      <Filter>03. Window\01. DetailWindow\01. Collider2D</Filter>
    </ClInclude>
    <ClInclude Include="Window\DetailWindow\ColliderPixelWidgetList.h">
      <Filter>03. Window\01. DetailWindow\01. Collider2D</Filter>
    </ClInclude>
    <ClInclude Include="Window\MySequenceWindow.h">
      <Filter>03. Window</Filter>
    </ClInclude>
    <ClInclude Include="Window\DetailWindow\TileMapWidgetList.h">
      <Filter>03. Window\01. DetailWindow</Filter>
    </ClInclude>
    <ClInclude Include="UI\MainTitleUI.h">
      <Filter>05. UI</Filter>
    </ClInclude>
    <ClInclude Include="UI\MyLoadingUI.h">
      <Filter>05. UI</Filter>
    </ClInclude>
    <ClInclude Include="GameObject\Door.h">
      <Filter>04. GameObject</Filter>
    </ClInclude>
    <ClInclude Include="GameObject\ElderBugNPC.h">
      <Filter>04. GameObject\02. NPCS</Filter>
    </ClInclude>
    <ClInclude Include="GameObject\Brum.h">
      <Filter>04. GameObject\02. NPCS</Filter>
    </ClInclude>
    <ClInclude Include="GameObject\Hornet.h">
      <Filter>04. GameObject\02. NPCS</Filter>
    </ClInclude>
    <ClInclude Include="GameObject\Sly.h">
      <Filter>04. GameObject\02. NPCS</Filter>
    </ClInclude>
    <ClInclude Include="GameObject\GlobalWall.h">
      <Filter>04. GameObject</Filter>
    </ClInclude>
    <ClInclude Include="UI\PlayerHUD.h">
      <Filter>05. UI</Filter>
    </ClInclude>
    <ClInclude Include="GameObject\Zombie.h">
      <Filter>04. GameObject\01. Monster</Filter>
    </ClInclude>
    <ClInclude Include="GameObject\Zombie2.h">
      <Filter>04. GameObject\01. Monster</Filter>
    </ClInclude>
    <ClInclude Include="Editor.h">
      <Filter>04. GameObject</Filter>
    </ClInclude>
    <ClInclude Include="GameObject\Effect.h">
      <Filter>04. GameObject</Filter>
    </ClInclude>
    <ClInclude Include="GameObject\PlayerAttack.h">
      <Filter>04. GameObject</Filter>
    </ClInclude>
    <ClInclude Include="GameObject\Gio.h">
      <Filter>04. GameObject</Filter>
    </ClInclude>
    <ClInclude Include="GameObject\MonGenerator.h">
      <Filter>04. GameObject</Filter>
    </ClInclude>
    <ClInclude Include="GameObject\BackLayerObject.h">
      <Filter>04. GameObject</Filter>
    </ClInclude>
    <ClInclude Include="UI\MessageBoxUI.h">
      <Filter>05. UI</Filter>
    </ClInclude>
    <ClInclude Include="UI\ShopUI.h">
      <Filter>05. UI</Filter>
    </ClInclude>
    <ClInclude Include="GameObject\ClowdObject.h">
      <Filter>04. GameObject</Filter>
    </ClInclude>
    <ClInclude Include="GameObject\BossEventObject.h">
      <Filter>04. GameObject</Filter>
    </ClInclude>
    <ClInclude Include="UI\NightMareKingUI.h">
      <Filter>05. UI</Filter>
    </ClInclude>
    <ClInclude Include="GameObject\FlameParticle.h">
      <Filter>04. GameObject\03.Boss\01.Bullets</Filter>
    </ClInclude>
    <ClInclude Include="GameObject\NightMareKingGrimm.h">
      <Filter>04. GameObject\03.Boss</Filter>
    </ClInclude>
    <ClInclude Include="GameObject\FireBatBullet.h">
      <Filter>04. GameObject\03.Boss\01.Bullets</Filter>
    </ClInclude>
    <ClInclude Include="GameObject\FlameFall.h">
      <Filter>04. GameObject\03.Boss\01.Bullets</Filter>
    </ClInclude>
    <ClInclude Include="GameObject\FirePillarBullet.h">
      <Filter>04. GameObject\03.Boss\01.Bullets</Filter>
    </ClInclude>
    <ClInclude Include="GameObject\GrimmSpike.h">
      <Filter>04. GameObject\03.Boss\01.Bullets</Filter>
    </ClInclude>
  </ItemGroup>
  <ItemGroup>
    <ResourceCompile Include="MyAR41MapEditor.rc">
      <Filter>리소스 파일</Filter>
    </ResourceCompile>
  </ItemGroup>
  <ItemGroup>
    <Image Include="..\Bin\Texture\HollowKnight\MainTitle\hollow_knight_0_6.ico">
      <Filter>리소스 파일</Filter>
    </Image>
    <Image Include="..\Bin\Texture\HollowKnight\MainTitle\hollow_knight_0_8.ico">
      <Filter>리소스 파일</Filter>
    </Image>
    <Image Include="..\Bin\Texture\HollowKnight\MainTitle\Cursor.png">
      <Filter>리소스 파일</Filter>
    </Image>
  </ItemGroup>
  <ItemGroup>
    <None Include="..\Bin\Texture\cursor.cur">
      <Filter>리소스 파일</Filter>
    </None>
  </ItemGroup>
</Project>